{
  "name": "ccb",
  "lockfileVersion": 3,
  "requires": true,
  "packages": {
    "": {
      "dependencies": {
        "pinyin-pro": "^3.26.0"
      }
    },
    "node_modules/pinyin-pro": {
      "version": "3.26.0",
      "resolved": "https://mirrors.cloud.tencent.com/npm/pinyin-pro/-/pinyin-pro-3.26.0.tgz",
      "integrity": "sha512-HcBZZb0pvm0/JkPhZHWA5Hqp2cWHXrrW/WrV+OtaYYM+kf35ffvZppIUuGmyuQ7gDr1JDJKMkbEE+GN0wfMoGg=="
    }
  }
}
